
Microsoft Visual Studio Solution File, Format Version 12.00
# Visual Studio Version 17
VisualStudioVersion = 17.4.33110.190
MinimumVisualStudioVersion = 10.0.40219.1
Project("{9A19103F-16F7-4668-BE54-9A1E7A4F7556}") = "strategy_pattern", "strategy_pattern\strategy_pattern.csproj", "{BC7168F3-FF71-485F-915E-DDA31257D5B6}"
EndProject
Project("{9A19103F-16F7-4668-BE54-9A1E7A4F7556}") = "template_method", "template_method\template_method.csproj", "{0A85A954-381C-48C2-9CA5-361DBF37321A}"
EndProject
Project("{9A19103F-16F7-4668-BE54-9A1E7A4F7556}") = "chain_responsibility", "chain_responsibility\chain_responsibility.csproj", "{02F08677-33EB-4011-91C9-FA925AC814A3}"
EndProject
Global
	GlobalSection(SolutionConfigurationPlatforms) = preSolution
		Debug|Any CPU = Debug|Any CPU
		Release|Any CPU = Release|Any CPU
	EndGlobalSection
	GlobalSection(ProjectConfigurationPlatforms) = postSolution
		{BC7168F3-FF71-485F-915E-DDA31257D5B6}.Debug|Any CPU.ActiveCfg = Debug|Any CPU
		{BC7168F3-FF71-485F-915E-DDA31257D5B6}.Debug|Any CPU.Build.0 = Debug|Any CPU
		{BC7168F3-FF71-485F-915E-DDA31257D5B6}.Release|Any CPU.ActiveCfg = Release|Any CPU
		{BC7168F3-FF71-485F-915E-DDA31257D5B6}.Release|Any CPU.Build.0 = Release|Any CPU
		{0A85A954-381C-48C2-9CA5-361DBF37321A}.Debug|Any CPU.ActiveCfg = Debug|Any CPU
		{0A85A954-381C-48C2-9CA5-361DBF37321A}.Debug|Any CPU.Build.0 = Debug|Any CPU
		{0A85A954-381C-48C2-9CA5-361DBF37321A}.Release|Any CPU.ActiveCfg = Release|Any CPU
		{0A85A954-381C-48C2-9CA5-361DBF37321A}.Release|Any CPU.Build.0 = Release|Any CPU
		{02F08677-33EB-4011-91C9-FA925AC814A3}.Debug|Any CPU.ActiveCfg = Debug|Any CPU
		{02F08677-33EB-4011-91C9-FA925AC814A3}.Debug|Any CPU.Build.0 = Debug|Any CPU
		{02F08677-33EB-4011-91C9-FA925AC814A3}.Release|Any CPU.ActiveCfg = Release|Any CPU
		{02F08677-33EB-4011-91C9-FA925AC814A3}.Release|Any CPU.Build.0 = Release|Any CPU
	EndGlobalSection
	GlobalSection(SolutionProperties) = preSolution
		HideSolutionNode = FALSE
	EndGlobalSection
	GlobalSection(ExtensibilityGlobals) = postSolution
		SolutionGuid = {68FF47AB-CC6C-43D8-9EAA-A2D56F96D37F}
	EndGlobalSection
EndGlobal
