
Microsoft Visual Studio Solution File, Format Version 12.00
# Visual Studio Version 17
VisualStudioVersion = 17.4.33110.190
MinimumVisualStudioVersion = 10.0.40219.1
Project("{9A19103F-16F7-4668-BE54-9A1E7A4F7556}") = "strategy_pattern", "strategy_pattern\strategy_pattern.csproj", "{BC7168F3-FF71-485F-915E-DDA31257D5B6}"
EndProject
Project("{FAE04EC0-301F-11D3-BF4B-00C04F79EFBC}") = "chain_responsability", "chain_responsability\chain_responsability.csproj", "{6D3455F9-96A2-4E07-94EB-B2EF5FD5F920}"
EndProject
Global
	GlobalSection(SolutionConfigurationPlatforms) = preSolution
		Debug|Any CPU = Debug|Any CPU
		Release|Any CPU = Release|Any CPU
	EndGlobalSection
	GlobalSection(ProjectConfigurationPlatforms) = postSolution
		{BC7168F3-FF71-485F-915E-DDA31257D5B6}.Debug|Any CPU.ActiveCfg = Debug|Any CPU
		{BC7168F3-FF71-485F-915E-DDA31257D5B6}.Debug|Any CPU.Build.0 = Debug|Any CPU
		{BC7168F3-FF71-485F-915E-DDA31257D5B6}.Release|Any CPU.ActiveCfg = Release|Any CPU
		{BC7168F3-FF71-485F-915E-DDA31257D5B6}.Release|Any CPU.Build.0 = Release|Any CPU
		{6D3455F9-96A2-4E07-94EB-B2EF5FD5F920}.Debug|Any CPU.ActiveCfg = Debug|Any CPU
		{6D3455F9-96A2-4E07-94EB-B2EF5FD5F920}.Debug|Any CPU.Build.0 = Debug|Any CPU
		{6D3455F9-96A2-4E07-94EB-B2EF5FD5F920}.Release|Any CPU.ActiveCfg = Release|Any CPU
		{6D3455F9-96A2-4E07-94EB-B2EF5FD5F920}.Release|Any CPU.Build.0 = Release|Any CPU
	EndGlobalSection
	GlobalSection(SolutionProperties) = preSolution
		HideSolutionNode = FALSE
	EndGlobalSection
	GlobalSection(ExtensibilityGlobals) = postSolution
		SolutionGuid = {68FF47AB-CC6C-43D8-9EAA-A2D56F96D37F}
	EndGlobalSection
EndGlobal
